
Microsoft Visual Studio Solution File, Format Version 12.00
# Visual Studio Version 17
VisualStudioVersion = 17.1.32203.90
MinimumVisualStudioVersion = 10.0.40219.1
Project("{2150E333-8FDC-42A3-9474-1A3956D46DE8}") = "Src", "Src", "{E49A0753-8C01-4B7F-819C-C9D0A92DC104}"
EndProject
Project("{9A19103F-16F7-4668-BE54-9A1E7A4F7556}") = "PlatFormService", "Src\PlatFormService\PlatFormService.csproj", "{67CAA410-79AB-40DF-A684-B4A857C047CD}"
EndProject
Global
	GlobalSection(SolutionConfigurationPlatforms) = preSolution
		Debug|Any CPU = Debug|Any CPU
		Release|Any CPU = Release|Any CPU
	EndGlobalSection
	GlobalSection(ProjectConfigurationPlatforms) = postSolution
		{67CAA410-79AB-40DF-A684-B4A857C047CD}.Debug|Any CPU.ActiveCfg = Debug|Any CPU
		{67CAA410-79AB-40DF-A684-B4A857C047CD}.Debug|Any CPU.Build.0 = Debug|Any CPU
		{67CAA410-79AB-40DF-A684-B4A857C047CD}.Release|Any CPU.ActiveCfg = Release|Any CPU
		{67CAA410-79AB-40DF-A684-B4A857C047CD}.Release|Any CPU.Build.0 = Release|Any CPU
	EndGlobalSection
	GlobalSection(SolutionProperties) = preSolution
		HideSolutionNode = FALSE
	EndGlobalSection
	GlobalSection(NestedProjects) = preSolution
		{67CAA410-79AB-40DF-A684-B4A857C047CD} = {E49A0753-8C01-4B7F-819C-C9D0A92DC104}
	EndGlobalSection
	GlobalSection(ExtensibilityGlobals) = postSolution
		SolutionGuid = {4F5B187C-6CE1-48A2-AEF3-17E36E5D67C7}
	EndGlobalSection
EndGlobal
